
Microsoft Visual Studio Solution File, Format Version 12.00
# Visual Studio Version 17
VisualStudioVersion = 17.2.32516.85
MinimumVisualStudioVersion = 10.0.40219.1
Project("{FAE04EC0-301F-11D3-BF4B-00C04F79EFBC}") = "01. Numbers from 1 to 100", "01. Numbers from 1 to 100\01. Numbers from 1 to 100.csproj", "{0FEC48EE-DBF6-49F8-BC3F-00CD01C5F645}"
EndProject
Project("{FAE04EC0-301F-11D3-BF4B-00C04F79EFBC}") = "02. Numbers N-1", "02. Numbers N-1\02. Numbers N-1.csproj", "{75E52DB0-BD57-4D4B-BC71-823F7376D5D8}"
EndProject
Project("{FAE04EC0-301F-11D3-BF4B-00C04F79EFBC}") = "03. Numbers 1-N with Step 3", "03. Numbers 1-N with Step 3\03. Numbers 1-N with Step 3.csproj", "{D4A94219-E158-40D4-B7B3-B288F74F624D}"
EndProject
Project("{FAE04EC0-301F-11D3-BF4B-00C04F79EFBC}") = "04. Even Powers of 2", "04. Even Powers of 2\04. Even Powers of 2.csproj", "{28B04E57-F670-4A6C-A823-29855DD32795}"
EndProject
Project("{FAE04EC0-301F-11D3-BF4B-00C04F79EFBC}") = "05. Character Sequence", "05. Character Sequence\05. Character Sequence.csproj", "{5CE02B36-830F-4ED9-93C9-3FA946559210}"
EndProject
Project("{FAE04EC0-301F-11D3-BF4B-00C04F79EFBC}") = "06. Vowels Sum", "06. Vowels Sum\06. Vowels Sum.csproj", "{09A95F4B-9231-41E3-B400-CDAC8FD2BB89}"
EndProject
Project("{FAE04EC0-301F-11D3-BF4B-00C04F79EFBC}") = "07. Sum Numbers", "07. Sum Numbers\07. Sum Numbers.csproj", "{C87BCB39-A264-4187-A9FC-632F75FF7C01}"
EndProject
Project("{FAE04EC0-301F-11D3-BF4B-00C04F79EFBC}") = "08. Number sequence", "08. Number sequence\08. Number sequence.csproj", "{93FFA3AE-97E5-494D-A562-0E6B65A30954}"
EndProject
Project("{FAE04EC0-301F-11D3-BF4B-00C04F79EFBC}") = "09. Left and Right Sum", "09. Left and Right Sum\09. Left and Right Sum.csproj", "{A319AF23-8B1E-4509-9D9B-AF55128CB37B}"
EndProject
Project("{FAE04EC0-301F-11D3-BF4B-00C04F79EFBC}") = "10. Odd Even Sum", "10. Odd Even Sum\10. Odd Even Sum.csproj", "{79AD3F87-899F-4658-B082-3040E5BBF37F}"
EndProject
Global
	GlobalSection(SolutionConfigurationPlatforms) = preSolution
		Debug|Any CPU = Debug|Any CPU
		Release|Any CPU = Release|Any CPU
	EndGlobalSection
	GlobalSection(ProjectConfigurationPlatforms) = postSolution
		{0FEC48EE-DBF6-49F8-BC3F-00CD01C5F645}.Debug|Any CPU.ActiveCfg = Debug|Any CPU
		{0FEC48EE-DBF6-49F8-BC3F-00CD01C5F645}.Debug|Any CPU.Build.0 = Debug|Any CPU
		{0FEC48EE-DBF6-49F8-BC3F-00CD01C5F645}.Release|Any CPU.ActiveCfg = Release|Any CPU
		{0FEC48EE-DBF6-49F8-BC3F-00CD01C5F645}.Release|Any CPU.Build.0 = Release|Any CPU
		{75E52DB0-BD57-4D4B-BC71-823F7376D5D8}.Debug|Any CPU.ActiveCfg = Debug|Any CPU
		{75E52DB0-BD57-4D4B-BC71-823F7376D5D8}.Debug|Any CPU.Build.0 = Debug|Any CPU
		{75E52DB0-BD57-4D4B-BC71-823F7376D5D8}.Release|Any CPU.ActiveCfg = Release|Any CPU
		{75E52DB0-BD57-4D4B-BC71-823F7376D5D8}.Release|Any CPU.Build.0 = Release|Any CPU
		{D4A94219-E158-40D4-B7B3-B288F74F624D}.Debug|Any CPU.ActiveCfg = Debug|Any CPU
		{D4A94219-E158-40D4-B7B3-B288F74F624D}.Debug|Any CPU.Build.0 = Debug|Any CPU
		{D4A94219-E158-40D4-B7B3-B288F74F624D}.Release|Any CPU.ActiveCfg = Release|Any CPU
		{D4A94219-E158-40D4-B7B3-B288F74F624D}.Release|Any CPU.Build.0 = Release|Any CPU
		{28B04E57-F670-4A6C-A823-29855DD32795}.Debug|Any CPU.ActiveCfg = Debug|Any CPU
		{28B04E57-F670-4A6C-A823-29855DD32795}.Debug|Any CPU.Build.0 = Debug|Any CPU
		{28B04E57-F670-4A6C-A823-29855DD32795}.Release|Any CPU.ActiveCfg = Release|Any CPU
		{28B04E57-F670-4A6C-A823-29855DD32795}.Release|Any CPU.Build.0 = Release|Any CPU
		{5CE02B36-830F-4ED9-93C9-3FA946559210}.Debug|Any CPU.ActiveCfg = Debug|Any CPU
		{5CE02B36-830F-4ED9-93C9-3FA946559210}.Debug|Any CPU.Build.0 = Debug|Any CPU
		{5CE02B36-830F-4ED9-93C9-3FA946559210}.Release|Any CPU.ActiveCfg = Release|Any CPU
		{5CE02B36-830F-4ED9-93C9-3FA946559210}.Release|Any CPU.Build.0 = Release|Any CPU
		{09A95F4B-9231-41E3-B400-CDAC8FD2BB89}.Debug|Any CPU.ActiveCfg = Debug|Any CPU
		{09A95F4B-9231-41E3-B400-CDAC8FD2BB89}.Debug|Any CPU.Build.0 = Debug|Any CPU
		{09A95F4B-9231-41E3-B400-CDAC8FD2BB89}.Release|Any CPU.ActiveCfg = Release|Any CPU
		{09A95F4B-9231-41E3-B400-CDAC8FD2BB89}.Release|Any CPU.Build.0 = Release|Any CPU
		{C87BCB39-A264-4187-A9FC-632F75FF7C01}.Debug|Any CPU.ActiveCfg = Debug|Any CPU
		{C87BCB39-A264-4187-A9FC-632F75FF7C01}.Debug|Any CPU.Build.0 = Debug|Any CPU
		{C87BCB39-A264-4187-A9FC-632F75FF7C01}.Release|Any CPU.ActiveCfg = Release|Any CPU
		{C87BCB39-A264-4187-A9FC-632F75FF7C01}.Release|Any CPU.Build.0 = Release|Any CPU
		{93FFA3AE-97E5-494D-A562-0E6B65A30954}.Debug|Any CPU.ActiveCfg = Debug|Any CPU
		{93FFA3AE-97E5-494D-A562-0E6B65A30954}.Debug|Any CPU.Build.0 = Debug|Any CPU
		{93FFA3AE-97E5-494D-A562-0E6B65A30954}.Release|Any CPU.ActiveCfg = Release|Any CPU
		{93FFA3AE-97E5-494D-A562-0E6B65A30954}.Release|Any CPU.Build.0 = Release|Any CPU
		{A319AF23-8B1E-4509-9D9B-AF55128CB37B}.Debug|Any CPU.ActiveCfg = Debug|Any CPU
		{A319AF23-8B1E-4509-9D9B-AF55128CB37B}.Debug|Any CPU.Build.0 = Debug|Any CPU
		{A319AF23-8B1E-4509-9D9B-AF55128CB37B}.Release|Any CPU.ActiveCfg = Release|Any CPU
		{A319AF23-8B1E-4509-9D9B-AF55128CB37B}.Release|Any CPU.Build.0 = Release|Any CPU
		{79AD3F87-899F-4658-B082-3040E5BBF37F}.Debug|Any CPU.ActiveCfg = Debug|Any CPU
		{79AD3F87-899F-4658-B082-3040E5BBF37F}.Debug|Any CPU.Build.0 = Debug|Any CPU
		{79AD3F87-899F-4658-B082-3040E5BBF37F}.Release|Any CPU.ActiveCfg = Release|Any CPU
		{79AD3F87-899F-4658-B082-3040E5BBF37F}.Release|Any CPU.Build.0 = Release|Any CPU
	EndGlobalSection
	GlobalSection(SolutionProperties) = preSolution
		HideSolutionNode = FALSE
	EndGlobalSection
	GlobalSection(ExtensibilityGlobals) = postSolution
		SolutionGuid = {8B38FD40-2673-4BC8-8245-01D2E410023B}
	EndGlobalSection
EndGlobal
